// !$*UTF8*$!
{
	archiveVersion = 1;
	classes = {
	};
	objectVersion = 56;
	objects = {

/* Begin PBXBuildFile section */
		BFA7BA6C2B73D636009925AC /* AppDelegate.swift in Sources */ = {isa = PBXBuildFile; fileRef = BFA7BA6B2B73D636009925AC /* AppDelegate.swift */; };
		BFA7BA6E2B73D636009925AC /* SceneDelegate.swift in Sources */ = {isa = PBXBuildFile; fileRef = BFA7BA6D2B73D636009925AC /* SceneDelegate.swift */; };
		BFA7BA702B73D636009925AC /* ViewController.swift in Sources */ = {isa = PBXBuildFile; fileRef = BFA7BA6F2B73D636009925AC /* ViewController.swift */; };
		BFA7BA732B73D636009925AC /* Main.storyboard in Resources */ = {isa = PBXBuildFile; fileRef = BFA7BA712B73D636009925AC /* Main.storyboard */; };
		BFA7BA752B73D637009925AC /* Assets.xcassets in Resources */ = {isa = PBXBuildFile; fileRef = BFA7BA742B73D637009925AC /* Assets.xcassets */; };
		BFA7BA782B73D637009925AC /* LaunchScreen.storyboard in Resources */ = {isa = PBXBuildFile; fileRef = BFA7BA762B73D637009925AC /* LaunchScreen.storyboard */; };
		BFA7BA832B73D638009925AC /* fireNotesChenTests.swift in Sources */ = {isa = PBXBuildFile; fileRef = BFA7BA822B73D638009925AC /* fireNotesChenTests.swift */; };
		BFA7BA8D2B73D638009925AC /* fireNotesChenUITests.swift in Sources */ = {isa = PBXBuildFile; fileRef = BFA7BA8C2B73D638009925AC /* fireNotesChenUITests.swift */; };
		BFA7BA8F2B73D638009925AC /* fireNotesChenUITestsLaunchTests.swift in Sources */ = {isa = PBXBuildFile; fileRef = BFA7BA8E2B73D638009925AC /* fireNotesChenUITestsLaunchTests.swift */; };
/* End PBXBuildFile section */

/* Begin PBXContainerItemProxy section */
		BFA7BA7F2B73D638009925AC /* PBXContainerItemProxy */ = {
			isa = PBXContainerItemProxy;
			containerPortal = BFA7BA602B73D635009925AC /* Project object */;
			proxyType = 1;
			remoteGlobalIDString = BFA7BA672B73D636009925AC;
			remoteInfo = fireNotesChen;
		};
		BFA7BA892B73D638009925AC /* PBXContainerItemProxy */ = {
			isa = PBXContainerItemProxy;
			containerPortal = BFA7BA602B73D635009925AC /* Project object */;
			proxyType = 1;
			remoteGlobalIDString = BFA7BA672B73D636009925AC;
			remoteInfo = fireNotesChen;
		};
/* End PBXContainerItemProxy section */

/* Begin PBXFileReference section */
		BFA7BA682B73D636009925AC /* fireNotesChen.app */ = {isa = PBXFileReference; explicitFileType = wrapper.application; includeInIndex = 0; path = fireNotesChen.app; sourceTree = BUILT_PRODUCTS_DIR; };
		BFA7BA6B2B73D636009925AC /* AppDelegate.swift */ = {isa = PBXFileReference; lastKnownFileType = sourcecode.swift; path = AppDelegate.swift; sourceTree = "<group>"; };
		BFA7BA6D2B73D636009925AC /* SceneDelegate.swift */ = {isa = PBXFileReference; lastKnownFileType = sourcecode.swift; path = SceneDelegate.swift; sourceTree = "<group>"; };
		BFA7BA6F2B73D636009925AC /* ViewController.swift */ = {isa = PBXFileReference; lastKnownFileType = sourcecode.swift; path = ViewController.swift; sourceTree = "<group>"; };
		BFA7BA722B73D636009925AC /* Base */ = {isa = PBXFileReference; lastKnownFileType = file.storyboard; name = Base; path = Base.lproj/Main.storyboard; sourceTree = "<group>"; };
		BFA7BA742B73D637009925AC /* Assets.xcassets */ = {isa = PBXFileReference; lastKnownFileType = folder.assetcatalog; path = Assets.xcassets; sourceTree = "<group>"; };
		BFA7BA772B73D637009925AC /* Base */ = {isa = PBXFileReference; lastKnownFileType = file.storyboard; name = Base; path = Base.lproj/LaunchScreen.storyboard; sourceTree = "<group>"; };
		BFA7BA792B73D637009925AC /* Info.plist */ = {isa = PBXFileReference; lastKnownFileType = text.plist.xml; path = Info.plist; sourceTree = "<group>"; };
		BFA7BA7E2B73D638009925AC /* fireNotesChenTests.xctest */ = {isa = PBXFileReference; explicitFileType = wrapper.cfbundle; includeInIndex = 0; path = fireNotesChenTests.xctest; sourceTree = BUILT_PRODUCTS_DIR; };
		BFA7BA822B73D638009925AC /* fireNotesChenTests.swift */ = {isa = PBXFileReference; lastKnownFileType = sourcecode.swift; path = fireNotesChenTests.swift; sourceTree = "<group>"; };
		BFA7BA882B73D638009925AC /* fireNotesChenUITests.xctest */ = {isa = PBXFileReference; explicitFileType = wrapper.cfbundle; includeInIndex = 0; path = fireNotesChenUITests.xctest; sourceTree = BUILT_PRODUCTS_DIR; };
		BFA7BA8C2B73D638009925AC /* fireNotesChenUITests.swift */ = {isa = PBXFileReference; lastKnownFileType = sourcecode.swift; path = fireNotesChenUITests.swift; sourceTree = "<group>"; };
		BFA7BA8E2B73D638009925AC /* fireNotesChenUITestsLaunchTests.swift */ = {isa = PBXFileReference; lastKnownFileType = sourcecode.swift; path = fireNotesChenUITestsLaunchTests.swift; sourceTree = "<group>"; };
/* End PBXFileReference section */

/* Begin PBXFrameworksBuildPhase section */
		BFA7BA652B73D636009925AC /* Frameworks */ = {
			isa = PBXFrameworksBuildPhase;
			buildActionMask = 2147483647;
			files = (
			);
			runOnlyForDeploymentPostprocessing = 0;
		};
		BFA7BA7B2B73D638009925AC /* Frameworks */ = {
			isa = PBXFrameworksBuildPhase;
			buildActionMask = 2147483647;
			files = (
			);
			runOnlyForDeploymentPostprocessing = 0;
		};
		BFA7BA852B73D638009925AC /* Frameworks */ = {
			isa = PBXFrameworksBuildPhase;
			buildActionMask = 2147483647;
			files = (
			);
			runOnlyForDeploymentPostprocessing = 0;
		};
/* End PBXFrameworksBuildPhase section */

/* Begin PBXGroup section */
		BFA7BA5F2B73D635009925AC = {
			isa = PBXGroup;
			children = (
				BFA7BA6A2B73D636009925AC /* fireNotesChen */,
				BFA7BA812B73D638009925AC /* fireNotesChenTests */,
				BFA7BA8B2B73D638009925AC /* fireNotesChenUITests */,
				BFA7BA692B73D636009925AC /* Products */,
			);
			sourceTree = "<group>";
		};
		BFA7BA692B73D636009925AC /* Products */ = {
			isa = PBXGroup;
			children = (
				BFA7BA682B73D636009925AC /* fireNotesChen.app */,
				BFA7BA7E2B73D638009925AC /* fireNotesChenTests.xctest */,
				BFA7BA882B73D638009925AC /* fireNotesChenUITests.xctest */,
			);
			name = Products;
			sourceTree = "<group>";
		};
		BFA7BA6A2B73D636009925AC /* fireNotesChen */ = {
			isa = PBXGroup;
			children = (
				BFA7BA6B2B73D636009925AC /* AppDelegate.swift */,
				BFA7BA6D2B73D636009925AC /* SceneDelegate.swift */,
				BFA7BA6F2B73D636009925AC /* ViewController.swift */,
				BFA7BA712B73D636009925AC /* Main.storyboard */,
				BFA7BA742B73D637009925AC /* Assets.xcassets */,
				BFA7BA762B73D637009925AC /* LaunchScreen.storyboard */,
				BFA7BA792B73D637009925AC /* Info.plist */,
			);
			path = fireNotesChen;
			sourceTree = "<group>";
		};
		BFA7BA812B73D638009925AC /* fireNotesChenTests */ = {
			isa = PBXGroup;
			children = (
				BFA7BA822B73D638009925AC /* fireNotesChenTests.swift */,
			);
			path = fireNotesChenTests;
			sourceTree = "<group>";
		};
		BFA7BA8B2B73D638009925AC /* fireNotesChenUITests */ = {
			isa = PBXGroup;
			children = (
				BFA7BA8C2B73D638009925AC /* fireNotesChenUITests.swift */,
				BFA7BA8E2B73D638009925AC /* fireNotesChenUITestsLaunchTests.swift */,
			);
			path = fireNotesChenUITests;
			sourceTree = "<group>";
		};
/* End PBXGroup section */

/* Begin PBXNativeTarget section */
		BFA7BA672B73D636009925AC /* fireNotesChen */ = {
			isa = PBXNativeTarget;
			buildConfigurationList = BFA7BA922B73D638009925AC /* Build configuration list for PBXNativeTarget "fireNotesChen" */;
			buildPhases = (
				BFA7BA642B73D636009925AC /* Sources */,
				BFA7BA652B73D636009925AC /* Frameworks */,
				BFA7BA662B73D636009925AC /* Resources */,
			);
			buildRules = (
			);
			dependencies = (
			);
			name = fireNotesChen;
			productName = fireNotesChen;
			productReference = BFA7BA682B73D636009925AC /* fireNotesChen.app */;
			productType = "com.apple.product-type.application";
		};
		BFA7BA7D2B73D638009925AC /* fireNotesChenTests */ = {
			isa = PBXNativeTarget;
			buildConfigurationList = BFA7BA952B73D638009925AC /* Build configuration list for PBXNativeTarget "fireNotesChenTests" */;
			buildPhases = (
				BFA7BA7A2B73D638009925AC /* Sources */,
				BFA7BA7B2B73D638009925AC /* Frameworks */,
				BFA7BA7C2B73D638009925AC /* Resources */,
			);
			buildRules = (
			);
			dependencies = (
				BFA7BA802B73D638009925AC /* PBXTargetDependency */,
			);
			name = fireNotesChenTests;
			productName = fireNotesChenTests;
			productReference = BFA7BA7E2B73D638009925AC /* fireNotesChenTests.xctest */;
			productType = "com.apple.product-type.bundle.unit-test";
		};
		BFA7BA872B73D638009925AC /* fireNotesChenUITests */ = {
			isa = PBXNativeTarget;
			buildConfigurationList = BFA7BA982B73D638009925AC /* Build configuration list for PBXNativeTarget "fireNotesChenUITests" */;
			buildPhases = (
				BFA7BA842B73D638009925AC /* Sources */,
				BFA7BA852B73D638009925AC /* Frameworks */,
				BFA7BA862B73D638009925AC /* Resources */,
			);
			buildRules = (
			);
			dependencies = (
				BFA7BA8A2B73D638009925AC /* PBXTargetDependency */,
			);
			name = fireNotesChenUITests;
			productName = fireNotesChenUITests;
			productReference = BFA7BA882B73D638009925AC /* fireNotesChenUITests.xctest */;
			productType = "com.apple.product-type.bundle.ui-testing";
		};
/* End PBXNativeTarget section */

/* Begin PBXProject section */
		BFA7BA602B73D635009925AC /* Project object */ = {
			isa = PBXProject;
			attributes = {
				BuildIndependentTargetsInParallel = 1;
				LastSwiftUpdateCheck = 1510;
				LastUpgradeCheck = 1510;
				TargetAttributes = {
					BFA7BA672B73D636009925AC = {
						CreatedOnToolsVersion = 15.1;
					};
					BFA7BA7D2B73D638009925AC = {
						CreatedOnToolsVersion = 15.1;
						TestTargetID = BFA7BA672B73D636009925AC;
					};
					BFA7BA872B73D638009925AC = {
						CreatedOnToolsVersion = 15.1;
						TestTargetID = BFA7BA672B73D636009925AC;
					};
				};
			};
			buildConfigurationList = BFA7BA632B73D635009925AC /* Build configuration list for PBXProject "fireNotesChen" */;
			compatibilityVersion = "Xcode 14.0";
			developmentRegion = en;
			hasScannedForEncodings = 0;
			knownRegions = (
				en,
				Base,
			);
			mainGroup = BFA7BA5F2B73D635009925AC;
			productRefGroup = BFA7BA692B73D636009925AC /* Products */;
			projectDirPath = "";
			projectRoot = "";
			targets = (
				BFA7BA672B73D636009925AC /* fireNotesChen */,
				BFA7BA7D2B73D638009925AC /* fireNotesChenTests */,
				BFA7BA872B73D638009925AC /* fireNotesChenUITests */,
			);
		};
/* End PBXProject section */

/* Begin PBXResourcesBuildPhase section */
		BFA7BA662B73D636009925AC /* Resources */ = {
			isa = PBXResourcesBuildPhase;
			buildActionMask = 2147483647;
			files = (
				BFA7BA782B73D637009925AC /* LaunchScreen.storyboard in Resources */,
				BFA7BA752B73D637009925AC /* Assets.xcassets in Resources */,
				BFA7BA732B73D636009925AC /* Main.storyboard in Resources */,
			);
			runOnlyForDeploymentPostprocessing = 0;
		};
		BFA7BA7C2B73D638009925AC /* Resources */ = {
			isa = PBXResourcesBuildPhase;
			buildActionMask = 2147483647;
			files = (
			);
			runOnlyForDeploymentPostprocessing = 0;
		};
		BFA7BA862B73D638009925AC /* Resources */ = {
			isa = PBXResourcesBuildPhase;
			buildActionMask = 2147483647;
			files = (
			);
			runOnlyForDeploymentPostprocessing = 0;
		};
/* End PBXResourcesBuildPhase section */

/* Begin PBXSourcesBuildPhase section */
		BFA7BA642B73D636009925AC /* Sources */ = {
			isa = PBXSourcesBuildPhase;
			buildActionMask = 2147483647;
			files = (
				BFA7BA702B73D636009925AC /* ViewController.swift in Sources */,
				BFA7BA6C2B73D636009925AC /* AppDelegate.swift in Sources */,
				BFA7BA6E2B73D636009925AC /* SceneDelegate.swift in Sources */,
			);
			runOnlyForDeploymentPostprocessing = 0;
		};
		BFA7BA7A2B73D638009925AC /* Sources */ = {
			isa = PBXSourcesBuildPhase;
			buildActionMask = 2147483647;
			files = (
				BFA7BA832B73D638009925AC /* fireNotesChenTests.swift in Sources */,
			);
			runOnlyForDeploymentPostprocessing = 0;
		};
		BFA7BA842B73D638009925AC /* Sources */ = {
			isa = PBXSourcesBuildPhase;
			buildActionMask = 2147483647;
			files = (
				BFA7BA8F2B73D638009925AC /* fireNotesChenUITestsLaunchTests.swift in Sources */,
				BFA7BA8D2B73D638009925AC /* fireNotesChenUITests.swift in Sources */,
			);
			runOnlyForDeploymentPostprocessing = 0;
		};
/* End PBXSourcesBuildPhase section */

/* Begin PBXTargetDependency section */
		BFA7BA802B73D638009925AC /* PBXTargetDependency */ = {
			isa = PBXTargetDependency;
			target = BFA7BA672B73D636009925AC /* fireNotesChen */;
			targetProxy = BFA7BA7F2B73D638009925AC /* PBXContainerItemProxy */;
		};
		BFA7BA8A2B73D638009925AC /* PBXTargetDependency */ = {
			isa = PBXTargetDependency;
			target = BFA7BA672B73D636009925AC /* fireNotesChen */;
			targetProxy = BFA7BA892B73D638009925AC /* PBXContainerItemProxy */;
		};
/* End PBXTargetDependency section */

/* Begin PBXVariantGroup section */
		BFA7BA712B73D636009925AC /* Main.storyboard */ = {
			isa = PBXVariantGroup;
			children = (
				BFA7BA722B73D636009925AC /* Base */,
			);
			name = Main.storyboard;
			sourceTree = "<group>";
		};
		BFA7BA762B73D637009925AC /* LaunchScreen.storyboard */ = {
			isa = PBXVariantGroup;
			children = (
				BFA7BA772B73D637009925AC /* Base */,
			);
			name = LaunchScreen.storyboard;
			sourceTree = "<group>";
		};
/* End PBXVariantGroup section */

/* Begin XCBuildConfiguration section */
		BFA7BA902B73D638009925AC /* Debug */ = {
			isa = XCBuildConfiguration;
			buildSettings = {
				ALWAYS_SEARCH_USER_PATHS = NO;
				ASSETCATALOG_COMPILER_GENERATE_SWIFT_ASSET_SYMBOL_EXTENSIONS = YES;
				CLANG_ANALYZER_NONNULL = YES;
				CLANG_ANALYZER_NUMBER_OBJECT_CONVERSION = YES_AGGRESSIVE;
				CLANG_CXX_LANGUAGE_STANDARD = "gnu++20";
				CLANG_ENABLE_MODULES = YES;
				CLANG_ENABLE_OBJC_ARC = YES;
				CLANG_ENABLE_OBJC_WEAK = YES;
				CLANG_WARN_BLOCK_CAPTURE_AUTORELEASING = YES;
				CLANG_WARN_BOOL_CONVERSION = YES;
				CLANG_WARN_COMMA = YES;
				CLANG_WARN_CONSTANT_CONVERSION = YES;
				CLANG_WARN_DEPRECATED_OBJC_IMPLEMENTATIONS = YES;
				CLANG_WARN_DIRECT_OBJC_ISA_USAGE = YES_ERROR;
				CLANG_WARN_DOCUMENTATION_COMMENTS = YES;
				CLANG_WARN_EMPTY_BODY = YES;
				CLANG_WARN_ENUM_CONVERSION = YES;
				CLANG_WARN_INFINITE_RECURSION = YES;
				CLANG_WARN_INT_CONVERSION = YES;
				CLANG_WARN_NON_LITERAL_NULL_CONVERSION = YES;
				CLANG_WARN_OBJC_IMPLICIT_RETAIN_SELF = YES;
				CLANG_WARN_OBJC_LITERAL_CONVERSION = YES;
				CLANG_WARN_OBJC_ROOT_CLASS = YES_ERROR;
				CLANG_WARN_QUOTED_INCLUDE_IN_FRAMEWORK_HEADER = YES;
				CLANG_WARN_RANGE_LOOP_ANALYSIS = YES;
				CLANG_WARN_STRICT_PROTOTYPES = YES;
				CLANG_WARN_SUSPICIOUS_MOVE = YES;
				CLANG_WARN_UNGUARDED_AVAILABILITY = YES_AGGRESSIVE;
				CLANG_WARN_UNREACHABLE_CODE = YES;
				CLANG_WARN__DUPLICATE_METHOD_MATCH = YES;
				COPY_PHASE_STRIP = NO;
				DEBUG_INFORMATION_FORMAT = dwarf;
				ENABLE_STRICT_OBJC_MSGSEND = YES;
				ENABLE_TESTABILITY = YES;
				ENABLE_USER_SCRIPT_SANDBOXING = YES;
				GCC_C_LANGUAGE_STANDARD = gnu17;
				GCC_DYNAMIC_NO_PIC = NO;
				GCC_NO_COMMON_BLOCKS = YES;
				GCC_OPTIMIZATION_LEVEL = 0;
				GCC_PREPROCESSOR_DEFINITIONS = (
					"DEBUG=1",
					"$(inherited)",
				);
				GCC_WARN_64_TO_32_BIT_CONVERSION = YES;
				GCC_WARN_ABOUT_RETURN_TYPE = YES_ERROR;
				GCC_WARN_UNDECLARED_SELECTOR = YES;
				GCC_WARN_UNINITIALIZED_AUTOS = YES_AGGRESSIVE;
				GCC_WARN_UNUSED_FUNCTION = YES;
				GCC_WARN_UNUSED_VARIABLE = YES;
				IPHONEOS_DEPLOYMENT_TARGET = 17.2;
				LOCALIZATION_PREFERS_STRING_CATALOGS = YES;
				MTL_ENABLE_DEBUG_INFO = INCLUDE_SOURCE;
				MTL_FAST_MATH = YES;
				ONLY_ACTIVE_ARCH = YES;
				SDKROOT = iphoneos;
				SWIFT_ACTIVE_COMPILATION_CONDITIONS = "DEBUG $(inherited)";
				SWIFT_OPTIMIZATION_LEVEL = "-Onone";
			};
			name = Debug;
		};
		BFA7BA912B73D638009925AC /* Release */ = {
			isa = XCBuildConfiguration;
			buildSettings = {
				ALWAYS_SEARCH_USER_PATHS = NO;
				ASSETCATALOG_COMPILER_GENERATE_SWIFT_ASSET_SYMBOL_EXTENSIONS = YES;
				CLANG_ANALYZER_NONNULL = YES;
				CLANG_ANALYZER_NUMBER_OBJECT_CONVERSION = YES_AGGRESSIVE;
				CLANG_CXX_LANGUAGE_STANDARD = "gnu++20";
				CLANG_ENABLE_MODULES = YES;
				CLANG_ENABLE_OBJC_ARC = YES;
				CLANG_ENABLE_OBJC_WEAK = YES;
				CLANG_WARN_BLOCK_CAPTURE_AUTORELEASING = YES;
				CLANG_WARN_BOOL_CONVERSION = YES;
				CLANG_WARN_COMMA = YES;
				CLANG_WARN_CONSTANT_CONVERSION = YES;
				CLANG_WARN_DEPRECATED_OBJC_IMPLEMENTATIONS = YES;
				CLANG_WARN_DIRECT_OBJC_ISA_USAGE = YES_ERROR;
				CLANG_WARN_DOCUMENTATION_COMMENTS = YES;
				CLANG_WARN_EMPTY_BODY = YES;
				CLANG_WARN_ENUM_CONVERSION = YES;
				CLANG_WARN_INFINITE_RECURSION = YES;
				CLANG_WARN_INT_CONVERSION = YES;
				CLANG_WARN_NON_LITERAL_NULL_CONVERSION = YES;
				CLANG_WARN_OBJC_IMPLICIT_RETAIN_SELF = YES;
				CLANG_WARN_OBJC_LITERAL_CONVERSION = YES;
				CLANG_WARN_OBJC_ROOT_CLASS = YES_ERROR;
				CLANG_WARN_QUOTED_INCLUDE_IN_FRAMEWORK_HEADER = YES;
				CLANG_WARN_RANGE_LOOP_ANALYSIS = YES;
				CLANG_WARN_STRICT_PROTOTYPES = YES;
				CLANG_WARN_SUSPICIOUS_MOVE = YES;
				CLANG_WARN_UNGUARDED_AVAILABILITY = YES_AGGRESSIVE;
				CLANG_WARN_UNREACHABLE_CODE = YES;
				CLANG_WARN__DUPLICATE_METHOD_MATCH = YES;
				COPY_PHASE_STRIP = NO;
				DEBUG_INFORMATION_FORMAT = "dwarf-with-dsym";
				ENABLE_NS_ASSERTIONS = NO;
				ENABLE_STRICT_OBJC_MSGSEND = YES;
				ENABLE_USER_SCRIPT_SANDBOXING = YES;
				GCC_C_LANGUAGE_STANDARD = gnu17;
				GCC_NO_COMMON_BLOCKS = YES;
				GCC_WARN_64_TO_32_BIT_CONVERSION = YES;
				GCC_WARN_ABOUT_RETURN_TYPE = YES_ERROR;
				GCC_WARN_UNDECLARED_SELECTOR = YES;
				GCC_WARN_UNINITIALIZED_AUTOS = YES_AGGRESSIVE;
				GCC_WARN_UNUSED_FUNCTION = YES;
				GCC_WARN_UNUSED_VARIABLE = YES;
				IPHONEOS_DEPLOYMENT_TARGET = 17.2;
				LOCALIZATION_PREFERS_STRING_CATALOGS = YES;
				MTL_ENABLE_DEBUG_INFO = NO;
				MTL_FAST_MATH = YES;
				SDKROOT = iphoneos;
				SWIFT_COMPILATION_MODE = wholemodule;
				VALIDATE_PRODUCT = YES;
			};
			name = Release;
		};
		BFA7BA932B73D638009925AC /* Debug */ = {
			isa = XCBuildConfiguration;
			buildSettings = {
				ASSETCATALOG_COMPILER_APPICON_NAME = AppIcon;
				ASSETCATALOG_COMPILER_GLOBAL_ACCENT_COLOR_NAME = AccentColor;
				CODE_SIGN_STYLE = Automatic;
				CURRENT_PROJECT_VERSION = 1;
				DEVELOPMENT_TEAM = AYD3L47SWZ;
				GENERATE_INFOPLIST_FILE = YES;
				INFOPLIST_FILE = fireNotesChen/Info.plist;
				INFOPLIST_KEY_UIApplicationSupportsIndirectInputEvents = YES;
				INFOPLIST_KEY_UILaunchStoryboardName = LaunchScreen;
				INFOPLIST_KEY_UIMainStoryboardFile = Main;
				INFOPLIST_KEY_UISupportedInterfaceOrientations_iPad = "UIInterfaceOrientationPortrait UIInterfaceOrientationPortraitUpsideDown UIInterfaceOrientationLandscapeLeft UIInterfaceOrientationLandscapeRight";
				INFOPLIST_KEY_UISupportedInterfaceOrientations_iPhone = "UIInterfaceOrientationPortrait UIInterfaceOrientationLandscapeLeft UIInterfaceOrientationLandscapeRight";
				LD_RUNPATH_SEARCH_PATHS = (
					"$(inherited)",
					"@executable_path/Frameworks",
				);
				MARKETING_VERSION = 1.0;
				PRODUCT_BUNDLE_IDENTIFIER = clc.fireNotesChen;
				PRODUCT_NAME = "$(TARGET_NAME)";
				SWIFT_EMIT_LOC_STRINGS = YES;
				SWIFT_VERSION = 5.0;
				TARGETED_DEVICE_FAMILY = "1,2";
			};
			name = Debug;
		};
		BFA7BA942B73D638009925AC /* Release */ = {
			isa = XCBuildConfiguration;
			buildSettings = {
				ASSETCATALOG_COMPILER_APPICON_NAME = AppIcon;
				ASSETCATALOG_COMPILER_GLOBAL_ACCENT_COLOR_NAME = AccentColor;
				CODE_SIGN_STYLE = Automatic;
				CURRENT_PROJECT_VERSION = 1;
				DEVELOPMENT_TEAM = AYD3L47SWZ;
				GENERATE_INFOPLIST_FILE = YES;
				INFOPLIST_FILE = fireNotesChen/Info.plist;
				INFOPLIST_KEY_UIApplicationSupportsIndirectInputEvents = YES;
				INFOPLIST_KEY_UILaunchStoryboardName = LaunchScreen;
				INFOPLIST_KEY_UIMainStoryboardFile = Main;
				INFOPLIST_KEY_UISupportedInterfaceOrientations_iPad = "UIInterfaceOrientationPortrait UIInterfaceOrientationPortraitUpsideDown UIInterfaceOrientationLandscapeLeft UIInterfaceOrientationLandscapeRight";
				INFOPLIST_KEY_UISupportedInterfaceOrientations_iPhone = "UIInterfaceOrientationPortrait UIInterfaceOrientationLandscapeLeft UIInterfaceOrientationLandscapeRight";
				LD_RUNPATH_SEARCH_PATHS = (
					"$(inherited)",
					"@executable_path/Frameworks",
				);
				MARKETING_VERSION = 1.0;
				PRODUCT_BUNDLE_IDENTIFIER = clc.fireNotesChen;
				PRODUCT_NAME = "$(TARGET_NAME)";
				SWIFT_EMIT_LOC_STRINGS = YES;
				SWIFT_VERSION = 5.0;
				TARGETED_DEVICE_FAMILY = "1,2";
			};
			name = Release;
		};
		BFA7BA962B73D638009925AC /* Debug */ = {
			isa = XCBuildConfiguration;
			buildSettings = {
				ALWAYS_EMBED_SWIFT_STANDARD_LIBRARIES = YES;
				BUNDLE_LOADER = "$(TEST_HOST)";
				CODE_SIGN_STYLE = Automatic;
				CURRENT_PROJECT_VERSION = 1;
				DEVELOPMENT_TEAM = AYD3L47SWZ;
				GENERATE_INFOPLIST_FILE = YES;
				IPHONEOS_DEPLOYMENT_TARGET = 17.2;
				MARKETING_VERSION = 1.0;
				PRODUCT_BUNDLE_IDENTIFIER = clc.fireNotesChenTests;
				PRODUCT_NAME = "$(TARGET_NAME)";
				SWIFT_EMIT_LOC_STRINGS = NO;
				SWIFT_VERSION = 5.0;
				TARGETED_DEVICE_FAMILY = "1,2";
				TEST_HOST = "$(BUILT_PRODUCTS_DIR)/fireNotesChen.app/$(BUNDLE_EXECUTABLE_FOLDER_PATH)/fireNotesChen";
			};
			name = Debug;
		};
		BFA7BA972B73D638009925AC /* Release */ = {
			isa = XCBuildConfiguration;
			buildSettings = {
				ALWAYS_EMBED_SWIFT_STANDARD_LIBRARIES = YES;
				BUNDLE_LOADER = "$(TEST_HOST)";
				CODE_SIGN_STYLE = Automatic;
				CURRENT_PROJECT_VERSION = 1;
				DEVELOPMENT_TEAM = AYD3L47SWZ;
				GENERATE_INFOPLIST_FILE = YES;
				IPHONEOS_DEPLOYMENT_TARGET = 17.2;
				MARKETING_VERSION = 1.0;
				PRODUCT_BUNDLE_IDENTIFIER = clc.fireNotesChenTests;
				PRODUCT_NAME = "$(TARGET_NAME)";
				SWIFT_EMIT_LOC_STRINGS = NO;
				SWIFT_VERSION = 5.0;
				TARGETED_DEVICE_FAMILY = "1,2";
				TEST_HOST = "$(BUILT_PRODUCTS_DIR)/fireNotesChen.app/$(BUNDLE_EXECUTABLE_FOLDER_PATH)/fireNotesChen";
			};
			name = Release;
		};
		BFA7BA992B73D638009925AC /* Debug */ = {
			isa = XCBuildConfiguration;
			buildSettings = {
				ALWAYS_EMBED_SWIFT_STANDARD_LIBRARIES = YES;
				CODE_SIGN_STYLE = Automatic;
				CURRENT_PROJECT_VERSION = 1;
				DEVELOPMENT_TEAM = AYD3L47SWZ;
				GENERATE_INFOPLIST_FILE = YES;
				MARKETING_VERSION = 1.0;
				PRODUCT_BUNDLE_IDENTIFIER = clc.fireNotesChenUITests;
				PRODUCT_NAME = "$(TARGET_NAME)";
				SWIFT_EMIT_LOC_STRINGS = NO;
				SWIFT_VERSION = 5.0;
				TARGETED_DEVICE_FAMILY = "1,2";
				TEST_TARGET_NAME = fireNotesChen;
			};
			name = Debug;
		};
		BFA7BA9A2B73D638009925AC /* Release */ = {
			isa = XCBuildConfiguration;
			buildSettings = {
				ALWAYS_EMBED_SWIFT_STANDARD_LIBRARIES = YES;
				CODE_SIGN_STYLE = Automatic;
				CURRENT_PROJECT_VERSION = 1;
				DEVELOPMENT_TEAM = AYD3L47SWZ;
				GENERATE_INFOPLIST_FILE = YES;
				MARKETING_VERSION = 1.0;
				PRODUCT_BUNDLE_IDENTIFIER = clc.fireNotesChenUITests;
				PRODUCT_NAME = "$(TARGET_NAME)";
				SWIFT_EMIT_LOC_STRINGS = NO;
				SWIFT_VERSION = 5.0;
				TARGETED_DEVICE_FAMILY = "1,2";
				TEST_TARGET_NAME = fireNotesChen;
			};
			name = Release;
		};
/* End XCBuildConfiguration section */

/* Begin XCConfigurationList section */
		BFA7BA632B73D635009925AC /* Build configuration list for PBXProject "fireNotesChen" */ = {
			isa = XCConfigurationList;
			buildConfigurations = (
				BFA7BA902B73D638009925AC /* Debug */,
				BFA7BA912B73D638009925AC /* Release */,
			);
			defaultConfigurationIsVisible = 0;
			defaultConfigurationName = Release;
		};
		BFA7BA922B73D638009925AC /* Build configuration list for PBXNativeTarget "fireNotesChen" */ = {
			isa = XCConfigurationList;
			buildConfigurations = (
				BFA7BA932B73D638009925AC /* Debug */,
				BFA7BA942B73D638009925AC /* Release */,
			);
			defaultConfigurationIsVisible = 0;
			defaultConfigurationName = Release;
		};
		BFA7BA952B73D638009925AC /* Build configuration list for PBXNativeTarget "fireNotesChenTests" */ = {
			isa = XCConfigurationList;
			buildConfigurations = (
				BFA7BA962B73D638009925AC /* Debug */,
				BFA7BA972B73D638009925AC /* Release */,
			);
			defaultConfigurationIsVisible = 0;
			defaultConfigurationName = Release;
		};
		BFA7BA982B73D638009925AC /* Build configuration list for PBXNativeTarget "fireNotesChenUITests" */ = {
			isa = XCConfigurationList;
			buildConfigurations = (
				BFA7BA992B73D638009925AC /* Debug */,
				BFA7BA9A2B73D638009925AC /* Release */,
			);
			defaultConfigurationIsVisible = 0;
			defaultConfigurationName = Release;
		};
/* End XCConfigurationList section */
	};
	rootObject = BFA7BA602B73D635009925AC /* Project object */;
}
